
Microsoft Visual Studio Solution File, Format Version 12.00
# Visual Studio 2012
Project("{FAE04EC0-301F-11D3-BF4B-00C04F79EFBC}") = "TriGala", "TriGala.csproj", "{ED45B373-85D6-4880-B9CD-323D12A89E9F}"
EndProject
Project("{FAE04EC0-301F-11D3-BF4B-00C04F79EFBC}") = "DataMaxModel", "..\DataMaxModel\DataMaxModel.csproj", "{8EC00BB4-9E32-4793-BB07-ED357A1352F6}"
EndProject
Project("{FAE04EC0-301F-11D3-BF4B-00C04F79EFBC}") = "StagingGalaModel", "StagingGalaModel\StagingGalaModel.csproj", "{28F21109-1AFB-4FB5-A38C-19128B359ABE}"
EndProject
Global
	GlobalSection(SolutionConfigurationPlatforms) = preSolution
		Debug|Any CPU = Debug|Any CPU
		Release|Any CPU = Release|Any CPU
	EndGlobalSection
	GlobalSection(ProjectConfigurationPlatforms) = postSolution
		{ED45B373-85D6-4880-B9CD-323D12A89E9F}.Debug|Any CPU.ActiveCfg = Debug|Any CPU
		{ED45B373-85D6-4880-B9CD-323D12A89E9F}.Debug|Any CPU.Build.0 = Debug|Any CPU
		{ED45B373-85D6-4880-B9CD-323D12A89E9F}.Release|Any CPU.ActiveCfg = Release|Any CPU
		{ED45B373-85D6-4880-B9CD-323D12A89E9F}.Release|Any CPU.Build.0 = Release|Any CPU
		{8EC00BB4-9E32-4793-BB07-ED357A1352F6}.Debug|Any CPU.ActiveCfg = Debug|Any CPU
		{8EC00BB4-9E32-4793-BB07-ED357A1352F6}.Debug|Any CPU.Build.0 = Debug|Any CPU
		{8EC00BB4-9E32-4793-BB07-ED357A1352F6}.Release|Any CPU.ActiveCfg = Release|Any CPU
		{8EC00BB4-9E32-4793-BB07-ED357A1352F6}.Release|Any CPU.Build.0 = Release|Any CPU
		{28F21109-1AFB-4FB5-A38C-19128B359ABE}.Debug|Any CPU.ActiveCfg = Debug|Any CPU
		{28F21109-1AFB-4FB5-A38C-19128B359ABE}.Debug|Any CPU.Build.0 = Debug|Any CPU
		{28F21109-1AFB-4FB5-A38C-19128B359ABE}.Release|Any CPU.ActiveCfg = Release|Any CPU
		{28F21109-1AFB-4FB5-A38C-19128B359ABE}.Release|Any CPU.Build.0 = Release|Any CPU
	EndGlobalSection
	GlobalSection(SolutionProperties) = preSolution
		HideSolutionNode = FALSE
	EndGlobalSection
EndGlobal
