
Microsoft Visual Studio Solution File, Format Version 12.00
# Visual Studio 2012
Project("{FAE04EC0-301F-11D3-BF4B-00C04F79EFBC}") = "TriGala", "TriGala.csproj", "{ED45B373-85D6-4880-B9CD-323D12A89E9F}"
EndProject
Global
	GlobalSection(SolutionConfigurationPlatforms) = preSolution
		Debug|Any CPU = Debug|Any CPU
		Release|Any CPU = Release|Any CPU
	EndGlobalSection
	GlobalSection(ProjectConfigurationPlatforms) = postSolution
		{ED45B373-85D6-4880-B9CD-323D12A89E9F}.Debug|Any CPU.ActiveCfg = Debug|Any CPU
		{ED45B373-85D6-4880-B9CD-323D12A89E9F}.Debug|Any CPU.Build.0 = Debug|Any CPU
		{ED45B373-85D6-4880-B9CD-323D12A89E9F}.Release|Any CPU.ActiveCfg = Release|Any CPU
		{ED45B373-85D6-4880-B9CD-323D12A89E9F}.Release|Any CPU.Build.0 = Release|Any CPU
	EndGlobalSection
	GlobalSection(SolutionProperties) = preSolution
		HideSolutionNode = FALSE
	EndGlobalSection
EndGlobal
